
Microsoft Visual Studio Solution File, Format Version 12.00
# Visual Studio Version 17
VisualStudioVersion = 17.1.32328.378
MinimumVisualStudioVersion = 10.0.40219.1
Project("{FAE04EC0-301F-11D3-BF4B-00C04F79EFBC}") = "LandingPage", "LandingPage\LandingPage.csproj", "{25596B4B-9181-4D1A-882E-6F04DE0E624A}"
EndProject
Global
	GlobalSection(SolutionConfigurationPlatforms) = preSolution
		Debug|Any CPU = Debug|Any CPU
		Release|Any CPU = Release|Any CPU
	EndGlobalSection
	GlobalSection(ProjectConfigurationPlatforms) = postSolution
		{25596B4B-9181-4D1A-882E-6F04DE0E624A}.Debug|Any CPU.ActiveCfg = Debug|Any CPU
		{25596B4B-9181-4D1A-882E-6F04DE0E624A}.Debug|Any CPU.Build.0 = Debug|Any CPU
		{25596B4B-9181-4D1A-882E-6F04DE0E624A}.Release|Any CPU.ActiveCfg = Release|Any CPU
		{25596B4B-9181-4D1A-882E-6F04DE0E624A}.Release|Any CPU.Build.0 = Release|Any CPU
	EndGlobalSection
	GlobalSection(SolutionProperties) = preSolution
		HideSolutionNode = FALSE
	EndGlobalSection
	GlobalSection(ExtensibilityGlobals) = postSolution
		SolutionGuid = {918800C4-6F6D-4D9E-8515-FA13DFFF7D47}
	EndGlobalSection
EndGlobal
